
Microsoft Visual Studio Solution File, Format Version 12.00
# Visual Studio Version 17
VisualStudioVersion = 17.0.31903.59
MinimumVisualStudioVersion = 10.0.40219.1
Project("{FAE04EC0-301F-11D3-BF4B-00C04F79EFBC}") = "ContactManager.Core", "ContactManager.Core\ContactManager.Core.csproj", "{796B1205-5279-4CAA-A51E-FD453CB51F91}"
EndProject
Project("{FAE04EC0-301F-11D3-BF4B-00C04F79EFBC}") = "ContactManager.CLI", "ContactManager.CLI\ContactManager.CLI.csproj", "{9D0CD6CB-09BF-40C9-9C74-1DADD3C58E7B}"
EndProject
Project("{FAE04EC0-301F-11D3-BF4B-00C04F79EFBC}") = "ContactManager.Tests", "ContactManager.Tests\ContactManager.Tests.csproj", "{5A0D640C-5217-4B4F-BC27-29250DF1F5DB}"
EndProject
Project("{FAE04EC0-301F-11D3-BF4B-00C04F79EFBC}") = "ContactManager.Api", "ContactManager.Api\ContactManager.Api.csproj", "{50F7EB19-62DA-4CEC-8711-F665EB3533B5}"
EndProject
Project("{FAE04EC0-301F-11D3-BF4B-00C04F79EFBC}") = "ContactManager.Api.Tests", "ContactManager.Api.Tests\ContactManager.Api.Tests.csproj", "{BAF25697-62EF-47BA-94D3-47C3007EC4F5}"
EndProject
Global
	GlobalSection(SolutionConfigurationPlatforms) = preSolution
		Debug|Any CPU = Debug|Any CPU
		Debug|x64 = Debug|x64
		Debug|x86 = Debug|x86
		Release|Any CPU = Release|Any CPU
		Release|x64 = Release|x64
		Release|x86 = Release|x86
	EndGlobalSection
	GlobalSection(ProjectConfigurationPlatforms) = postSolution
		{796B1205-5279-4CAA-A51E-FD453CB51F91}.Debug|Any CPU.ActiveCfg = Debug|Any CPU
		{796B1205-5279-4CAA-A51E-FD453CB51F91}.Debug|Any CPU.Build.0 = Debug|Any CPU
		{796B1205-5279-4CAA-A51E-FD453CB51F91}.Debug|x64.ActiveCfg = Debug|Any CPU
		{796B1205-5279-4CAA-A51E-FD453CB51F91}.Debug|x64.Build.0 = Debug|Any CPU
		{796B1205-5279-4CAA-A51E-FD453CB51F91}.Debug|x86.ActiveCfg = Debug|Any CPU
		{796B1205-5279-4CAA-A51E-FD453CB51F91}.Debug|x86.Build.0 = Debug|Any CPU
		{796B1205-5279-4CAA-A51E-FD453CB51F91}.Release|Any CPU.ActiveCfg = Release|Any CPU
		{796B1205-5279-4CAA-A51E-FD453CB51F91}.Release|Any CPU.Build.0 = Release|Any CPU
		{796B1205-5279-4CAA-A51E-FD453CB51F91}.Release|x64.ActiveCfg = Release|Any CPU
		{796B1205-5279-4CAA-A51E-FD453CB51F91}.Release|x64.Build.0 = Release|Any CPU
		{796B1205-5279-4CAA-A51E-FD453CB51F91}.Release|x86.ActiveCfg = Release|Any CPU
		{796B1205-5279-4CAA-A51E-FD453CB51F91}.Release|x86.Build.0 = Release|Any CPU
		{9D0CD6CB-09BF-40C9-9C74-1DADD3C58E7B}.Debug|Any CPU.ActiveCfg = Debug|Any CPU
		{9D0CD6CB-09BF-40C9-9C74-1DADD3C58E7B}.Debug|Any CPU.Build.0 = Debug|Any CPU
		{9D0CD6CB-09BF-40C9-9C74-1DADD3C58E7B}.Debug|x64.ActiveCfg = Debug|Any CPU
		{9D0CD6CB-09BF-40C9-9C74-1DADD3C58E7B}.Debug|x64.Build.0 = Debug|Any CPU
		{9D0CD6CB-09BF-40C9-9C74-1DADD3C58E7B}.Debug|x86.ActiveCfg = Debug|Any CPU
		{9D0CD6CB-09BF-40C9-9C74-1DADD3C58E7B}.Debug|x86.Build.0 = Debug|Any CPU
		{9D0CD6CB-09BF-40C9-9C74-1DADD3C58E7B}.Release|Any CPU.ActiveCfg = Release|Any CPU
		{9D0CD6CB-09BF-40C9-9C74-1DADD3C58E7B}.Release|Any CPU.Build.0 = Release|Any CPU
		{9D0CD6CB-09BF-40C9-9C74-1DADD3C58E7B}.Release|x64.ActiveCfg = Release|Any CPU
		{9D0CD6CB-09BF-40C9-9C74-1DADD3C58E7B}.Release|x64.Build.0 = Release|Any CPU
		{9D0CD6CB-09BF-40C9-9C74-1DADD3C58E7B}.Release|x86.ActiveCfg = Release|Any CPU
		{9D0CD6CB-09BF-40C9-9C74-1DADD3C58E7B}.Release|x86.Build.0 = Release|Any CPU
		{5A0D640C-5217-4B4F-BC27-29250DF1F5DB}.Debug|Any CPU.ActiveCfg = Debug|Any CPU
		{5A0D640C-5217-4B4F-BC27-29250DF1F5DB}.Debug|Any CPU.Build.0 = Debug|Any CPU
		{5A0D640C-5217-4B4F-BC27-29250DF1F5DB}.Debug|x64.ActiveCfg = Debug|Any CPU
		{5A0D640C-5217-4B4F-BC27-29250DF1F5DB}.Debug|x64.Build.0 = Debug|Any CPU
		{5A0D640C-5217-4B4F-BC27-29250DF1F5DB}.Debug|x86.ActiveCfg = Debug|Any CPU
		{5A0D640C-5217-4B4F-BC27-29250DF1F5DB}.Debug|x86.Build.0 = Debug|Any CPU
		{5A0D640C-5217-4B4F-BC27-29250DF1F5DB}.Release|Any CPU.ActiveCfg = Release|Any CPU
		{5A0D640C-5217-4B4F-BC27-29250DF1F5DB}.Release|Any CPU.Build.0 = Release|Any CPU
		{5A0D640C-5217-4B4F-BC27-29250DF1F5DB}.Release|x64.ActiveCfg = Release|Any CPU
		{5A0D640C-5217-4B4F-BC27-29250DF1F5DB}.Release|x64.Build.0 = Release|Any CPU
		{5A0D640C-5217-4B4F-BC27-29250DF1F5DB}.Release|x86.ActiveCfg = Release|Any CPU
		{5A0D640C-5217-4B4F-BC27-29250DF1F5DB}.Release|x86.Build.0 = Release|Any CPU
		{50F7EB19-62DA-4CEC-8711-F665EB3533B5}.Debug|Any CPU.ActiveCfg = Debug|Any CPU
		{50F7EB19-62DA-4CEC-8711-F665EB3533B5}.Debug|Any CPU.Build.0 = Debug|Any CPU
		{50F7EB19-62DA-4CEC-8711-F665EB3533B5}.Debug|x64.ActiveCfg = Debug|Any CPU
		{50F7EB19-62DA-4CEC-8711-F665EB3533B5}.Debug|x64.Build.0 = Debug|Any CPU
		{50F7EB19-62DA-4CEC-8711-F665EB3533B5}.Debug|x86.ActiveCfg = Debug|Any CPU
		{50F7EB19-62DA-4CEC-8711-F665EB3533B5}.Debug|x86.Build.0 = Debug|Any CPU
		{50F7EB19-62DA-4CEC-8711-F665EB3533B5}.Release|Any CPU.ActiveCfg = Release|Any CPU
		{50F7EB19-62DA-4CEC-8711-F665EB3533B5}.Release|Any CPU.Build.0 = Release|Any CPU
		{50F7EB19-62DA-4CEC-8711-F665EB3533B5}.Release|x64.ActiveCfg = Release|Any CPU
		{50F7EB19-62DA-4CEC-8711-F665EB3533B5}.Release|x64.Build.0 = Release|Any CPU
		{50F7EB19-62DA-4CEC-8711-F665EB3533B5}.Release|x86.ActiveCfg = Release|Any CPU
		{50F7EB19-62DA-4CEC-8711-F665EB3533B5}.Release|x86.Build.0 = Release|Any CPU
		{BAF25697-62EF-47BA-94D3-47C3007EC4F5}.Debug|Any CPU.ActiveCfg = Debug|Any CPU
		{BAF25697-62EF-47BA-94D3-47C3007EC4F5}.Debug|Any CPU.Build.0 = Debug|Any CPU
		{BAF25697-62EF-47BA-94D3-47C3007EC4F5}.Debug|x64.ActiveCfg = Debug|Any CPU
		{BAF25697-62EF-47BA-94D3-47C3007EC4F5}.Debug|x64.Build.0 = Debug|Any CPU
		{BAF25697-62EF-47BA-94D3-47C3007EC4F5}.Debug|x86.ActiveCfg = Debug|Any CPU
		{BAF25697-62EF-47BA-94D3-47C3007EC4F5}.Debug|x86.Build.0 = Debug|Any CPU
		{BAF25697-62EF-47BA-94D3-47C3007EC4F5}.Release|Any CPU.ActiveCfg = Release|Any CPU
		{BAF25697-62EF-47BA-94D3-47C3007EC4F5}.Release|Any CPU.Build.0 = Release|Any CPU
		{BAF25697-62EF-47BA-94D3-47C3007EC4F5}.Release|x64.ActiveCfg = Release|Any CPU
		{BAF25697-62EF-47BA-94D3-47C3007EC4F5}.Release|x64.Build.0 = Release|Any CPU
		{BAF25697-62EF-47BA-94D3-47C3007EC4F5}.Release|x86.ActiveCfg = Release|Any CPU
		{BAF25697-62EF-47BA-94D3-47C3007EC4F5}.Release|x86.Build.0 = Release|Any CPU
	EndGlobalSection
	GlobalSection(SolutionProperties) = preSolution
		HideSolutionNode = FALSE
	EndGlobalSection
EndGlobal
